
Microsoft Visual Studio Solution File, Format Version 12.00
# Visual Studio Version 16
VisualStudioVersion = 16.0.32106.194
MinimumVisualStudioVersion = 10.0.40219.1
Project("{FAE04EC0-301F-11D3-BF4B-00C04F79EFBC}") = "Lab10_WPF", "Lab10_WPF.csproj", "{2A1BD653-E217-4021-ACA1-51B98EE2CBFC}"
EndProject
Global
	GlobalSection(SolutionConfigurationPlatforms) = preSolution
		Debug|Any CPU = Debug|Any CPU
		Release|Any CPU = Release|Any CPU
	EndGlobalSection
	GlobalSection(ProjectConfigurationPlatforms) = postSolution
		{2A1BD653-E217-4021-ACA1-51B98EE2CBFC}.Debug|Any CPU.ActiveCfg = Debug|Any CPU
		{2A1BD653-E217-4021-ACA1-51B98EE2CBFC}.Debug|Any CPU.Build.0 = Debug|Any CPU
		{2A1BD653-E217-4021-ACA1-51B98EE2CBFC}.Release|Any CPU.ActiveCfg = Release|Any CPU
		{2A1BD653-E217-4021-ACA1-51B98EE2CBFC}.Release|Any CPU.Build.0 = Release|Any CPU
	EndGlobalSection
	GlobalSection(SolutionProperties) = preSolution
		HideSolutionNode = FALSE
	EndGlobalSection
	GlobalSection(ExtensibilityGlobals) = postSolution
		SolutionGuid = {51C7A93F-C5DB-49C4-9E49-377AA37288CD}
	EndGlobalSection
EndGlobal
