
Microsoft Visual Studio Solution File, Format Version 12.00
# Visual Studio Version 16
VisualStudioVersion = 16.0.32106.194
MinimumVisualStudioVersion = 10.0.40219.1
Project("{FAE04EC0-301F-11D3-BF4B-00C04F79EFBC}") = "Lab6-7", "Lab6-7.csproj", "{50844501-B9F6-4E32-884A-D16A3429BDE2}"
EndProject
Global
	GlobalSection(SolutionConfigurationPlatforms) = preSolution
		Debug|Any CPU = Debug|Any CPU
		Release|Any CPU = Release|Any CPU
	EndGlobalSection
	GlobalSection(ProjectConfigurationPlatforms) = postSolution
		{50844501-B9F6-4E32-884A-D16A3429BDE2}.Debug|Any CPU.ActiveCfg = Debug|Any CPU
		{50844501-B9F6-4E32-884A-D16A3429BDE2}.Debug|Any CPU.Build.0 = Debug|Any CPU
		{50844501-B9F6-4E32-884A-D16A3429BDE2}.Release|Any CPU.ActiveCfg = Release|Any CPU
		{50844501-B9F6-4E32-884A-D16A3429BDE2}.Release|Any CPU.Build.0 = Release|Any CPU
	EndGlobalSection
	GlobalSection(SolutionProperties) = preSolution
		HideSolutionNode = FALSE
	EndGlobalSection
	GlobalSection(ExtensibilityGlobals) = postSolution
		SolutionGuid = {6433D105-8919-4C6F-8BC3-20026A3054DE}
	EndGlobalSection
EndGlobal
