
Microsoft Visual Studio Solution File, Format Version 12.00
# Visual Studio Version 16
VisualStudioVersion = 16.0.32106.194
MinimumVisualStudioVersion = 10.0.40219.1
Project("{FAE04EC0-301F-11D3-BF4B-00C04F79EFBC}") = "Lab2", "Lab2.csproj", "{29F94154-9D4D-4C93-A5D3-A1E645253FCF}"
EndProject
Global
	GlobalSection(SolutionConfigurationPlatforms) = preSolution
		Debug|Any CPU = Debug|Any CPU
		Release|Any CPU = Release|Any CPU
	EndGlobalSection
	GlobalSection(ProjectConfigurationPlatforms) = postSolution
		{29F94154-9D4D-4C93-A5D3-A1E645253FCF}.Debug|Any CPU.ActiveCfg = Debug|Any CPU
		{29F94154-9D4D-4C93-A5D3-A1E645253FCF}.Debug|Any CPU.Build.0 = Debug|Any CPU
		{29F94154-9D4D-4C93-A5D3-A1E645253FCF}.Release|Any CPU.ActiveCfg = Release|Any CPU
		{29F94154-9D4D-4C93-A5D3-A1E645253FCF}.Release|Any CPU.Build.0 = Release|Any CPU
	EndGlobalSection
	GlobalSection(SolutionProperties) = preSolution
		HideSolutionNode = FALSE
	EndGlobalSection
	GlobalSection(ExtensibilityGlobals) = postSolution
		SolutionGuid = {5863DE07-FF8E-4460-BCF3-4C188FB5799E}
	EndGlobalSection
EndGlobal
