
Microsoft Visual Studio Solution File, Format Version 12.00
# Visual Studio Version 16
VisualStudioVersion = 16.0.32106.194
MinimumVisualStudioVersion = 10.0.40219.1
Project("{FAE04EC0-301F-11D3-BF4B-00C04F79EFBC}") = "Lab1", "Lab1.csproj", "{F88A7577-34A9-4029-8064-4B398A4EB4C3}"
EndProject
Global
	GlobalSection(SolutionConfigurationPlatforms) = preSolution
		Debug|Any CPU = Debug|Any CPU
		Release|Any CPU = Release|Any CPU
	EndGlobalSection
	GlobalSection(ProjectConfigurationPlatforms) = postSolution
		{F88A7577-34A9-4029-8064-4B398A4EB4C3}.Debug|Any CPU.ActiveCfg = Debug|Any CPU
		{F88A7577-34A9-4029-8064-4B398A4EB4C3}.Debug|Any CPU.Build.0 = Debug|Any CPU
		{F88A7577-34A9-4029-8064-4B398A4EB4C3}.Release|Any CPU.ActiveCfg = Release|Any CPU
		{F88A7577-34A9-4029-8064-4B398A4EB4C3}.Release|Any CPU.Build.0 = Release|Any CPU
	EndGlobalSection
	GlobalSection(SolutionProperties) = preSolution
		HideSolutionNode = FALSE
	EndGlobalSection
	GlobalSection(ExtensibilityGlobals) = postSolution
		SolutionGuid = {A9FE6315-FCF6-4119-95D3-008362D1C2CE}
	EndGlobalSection
EndGlobal
