
Microsoft Visual Studio Solution File, Format Version 12.00
# Visual Studio Version 16
VisualStudioVersion = 16.0.32106.194
MinimumVisualStudioVersion = 10.0.40219.1
Project("{FAE04EC0-301F-11D3-BF4B-00C04F79EFBC}") = "Lab11", "Lab11.csproj", "{9350E4B0-5CD8-4C1C-B35E-1057FEA4598B}"
EndProject
Global
	GlobalSection(SolutionConfigurationPlatforms) = preSolution
		Debug|Any CPU = Debug|Any CPU
		Release|Any CPU = Release|Any CPU
	EndGlobalSection
	GlobalSection(ProjectConfigurationPlatforms) = postSolution
		{9350E4B0-5CD8-4C1C-B35E-1057FEA4598B}.Debug|Any CPU.ActiveCfg = Debug|Any CPU
		{9350E4B0-5CD8-4C1C-B35E-1057FEA4598B}.Debug|Any CPU.Build.0 = Debug|Any CPU
		{9350E4B0-5CD8-4C1C-B35E-1057FEA4598B}.Release|Any CPU.ActiveCfg = Release|Any CPU
		{9350E4B0-5CD8-4C1C-B35E-1057FEA4598B}.Release|Any CPU.Build.0 = Release|Any CPU
	EndGlobalSection
	GlobalSection(SolutionProperties) = preSolution
		HideSolutionNode = FALSE
	EndGlobalSection
	GlobalSection(ExtensibilityGlobals) = postSolution
		SolutionGuid = {F5D4EEDF-7F06-4721-AC52-93160C993BA5}
	EndGlobalSection
EndGlobal
